
Microsoft Visual Studio Solution File, Format Version 12.00
# Visual Studio Version 17
VisualStudioVersion = 17.7.34031.279
MinimumVisualStudioVersion = 10.0.40219.1
Project("{FAE04EC0-301F-11D3-BF4B-00C04F79EFBC}") = "IDsGenerator", "WindowsFormsApp1\IDsGenerator.csproj", "{BC1720FD-E710-4E42-A0E8-3AD7FAC42E8E}"
EndProject
Global
	GlobalSection(SolutionConfigurationPlatforms) = preSolution
		Debug|Any CPU = Debug|Any CPU
		Release|Any CPU = Release|Any CPU
	EndGlobalSection
	GlobalSection(ProjectConfigurationPlatforms) = postSolution
		{BC1720FD-E710-4E42-A0E8-3AD7FAC42E8E}.Debug|Any CPU.ActiveCfg = Debug|Any CPU
		{BC1720FD-E710-4E42-A0E8-3AD7FAC42E8E}.Debug|Any CPU.Build.0 = Debug|Any CPU
		{BC1720FD-E710-4E42-A0E8-3AD7FAC42E8E}.Release|Any CPU.ActiveCfg = Release|Any CPU
		{BC1720FD-E710-4E42-A0E8-3AD7FAC42E8E}.Release|Any CPU.Build.0 = Release|Any CPU
	EndGlobalSection
	GlobalSection(SolutionProperties) = preSolution
		HideSolutionNode = FALSE
	EndGlobalSection
	GlobalSection(ExtensibilityGlobals) = postSolution
		SolutionGuid = {A2A74905-42E2-450B-85A8-B605AF27186C}
	EndGlobalSection
EndGlobal
